
Microsoft Visual Studio Solution File, Format Version 12.00
# Visual Studio 15
VisualStudioVersion = 15.0.27703.2047
MinimumVisualStudioVersion = 10.0.40219.1
Project("{FAE04EC0-301F-11D3-BF4B-00C04F79EFBC}") = "MyTrips", "MyTrips\MyTrips.csproj", "{BFDACA78-4F94-42F4-BE5E-058B037FD0FA}"
EndProject
Global
	GlobalSection(SolutionConfigurationPlatforms) = preSolution
		Debug|Any CPU = Debug|Any CPU
		Release|Any CPU = Release|Any CPU
	EndGlobalSection
	GlobalSection(ProjectConfigurationPlatforms) = postSolution
		{BFDACA78-4F94-42F4-BE5E-058B037FD0FA}.Debug|Any CPU.ActiveCfg = Debug|Any CPU
		{BFDACA78-4F94-42F4-BE5E-058B037FD0FA}.Debug|Any CPU.Build.0 = Debug|Any CPU
		{BFDACA78-4F94-42F4-BE5E-058B037FD0FA}.Release|Any CPU.ActiveCfg = Release|Any CPU
		{BFDACA78-4F94-42F4-BE5E-058B037FD0FA}.Release|Any CPU.Build.0 = Release|Any CPU
	EndGlobalSection
	GlobalSection(SolutionProperties) = preSolution
		HideSolutionNode = FALSE
	EndGlobalSection
	GlobalSection(ExtensibilityGlobals) = postSolution
		SolutionGuid = {D6DFC55F-32C7-4E91-AB29-BBB66FB30763}
	EndGlobalSection
EndGlobal
